<Solution>
  <Folder Name="/src/">
    <Project Path="src/CinematicCam.Core/CinematicCam.Core.csproj" />
    <Project Path="src/CinematicCam.Plugin/CinematicCam.Plugin.csproj">
      <Platform Project="x64" />
    </Project>
  </Folder>
  <Folder Name="/tests/">
    <Project Path="tests/CinematicCam.Tests/CinematicCam.Tests.csproj" />
  </Folder>
</Solution>
